
Microsoft Visual Studio Solution File, Format Version 12.00
# Visual Studio Version 17
VisualStudioVersion = 17.6.33829.357
MinimumVisualStudioVersion = 10.0.40219.1
Project("{2150E333-8FDC-42A3-9474-1A3956D46DE8}") = "KeyVaults", "KeyVaults", "{F0CC5365-DAC2-4256-8B8A-6CBBFD7508A4}"
EndProject
Project("{2150E333-8FDC-42A3-9474-1A3956D46DE8}") = "Core", "Core", "{5C317061-5BDE-41A6-B669-635D5B8F2A76}"
EndProject
Project("{9A19103F-16F7-4668-BE54-9A1E7A4F7556}") = "KeyVaults.ApplicationServices", "src\KeyVaults\KeyVaults.ApplicationServices\KeyVaults.ApplicationServices.csproj", "{AFA58D08-13B4-49B4-A8E1-23DB5E6B3496}"
EndProject
Project("{9A19103F-16F7-4668-BE54-9A1E7A4F7556}") = "KeyVaults.Api.Service", "src\KeyVaults\KeyVaults.Api.Service\KeyVaults.Api.Service.csproj", "{AC1209EB-CB2B-474F-8AC1-A6B942577A4E}"
EndProject
Project("{2150E333-8FDC-42A3-9474-1A3956D46DE8}") = "Shared", "Shared", "{DB6EB76B-3A56-46AB-82B4-77EA90FEDA36}"
EndProject
Project("{9A19103F-16F7-4668-BE54-9A1E7A4F7556}") = "KeyVaults.Client", "src\KeyVaults\KeyVaults.Client\KeyVaults.Client.csproj", "{2AF7970C-B145-4B25-9FB9-CC28FB2E5B47}"
EndProject
Project("{2150E333-8FDC-42A3-9474-1A3956D46DE8}") = "Solution Item", "Solution Item", "{B40573D3-EB5C-4AAD-959F-9FF630641E6A}"
	ProjectSection(SolutionItems) = preProject
		Readme.md = Readme.md
	EndProjectSection
EndProject
Project("{2150E333-8FDC-42A3-9474-1A3956D46DE8}") = "Passwords", "Passwords", "{6A532B42-AF2A-41AE-8E8D-09A00331ACB2}"
EndProject
Project("{2150E333-8FDC-42A3-9474-1A3956D46DE8}") = "Core", "Core", "{F6B40ED4-F1AF-4921-8831-AA7F655615B9}"
EndProject
Project("{2150E333-8FDC-42A3-9474-1A3956D46DE8}") = "Shared", "Shared", "{F9C14C96-A23D-46C4-BF15-D69C28EE0B9C}"
EndProject
Project("{2150E333-8FDC-42A3-9474-1A3956D46DE8}") = "Tests", "Tests", "{B887AA72-109D-4F92-B8CF-CD10311544C2}"
EndProject
Project("{9A19103F-16F7-4668-BE54-9A1E7A4F7556}") = "Password.ApplicationServices", "src\Password\Password.ApplicationServices\Password.ApplicationServices.csproj", "{61E23A37-2B48-463D-B8E8-04F1C96CE93B}"
EndProject
Project("{9A19103F-16F7-4668-BE54-9A1E7A4F7556}") = "Password.Domain", "src\Password\Password.Domain\Password.Domain.csproj", "{7CF6D572-14A3-440F-ACD6-31C0C3669DAA}"
EndProject
Project("{9A19103F-16F7-4668-BE54-9A1E7A4F7556}") = "Password.Infrastructure", "src\Password\Password.Infrastructure\Password.Infrastructure.csproj", "{D5730599-D83A-42C9-B895-17163E63D1FB}"
EndProject
Project("{9A19103F-16F7-4668-BE54-9A1E7A4F7556}") = "Password.Messages", "src\Password\Password.Messages\Password.Messages.csproj", "{520481FF-D2D9-4438-810C-116D3D87262B}"
EndProject
Project("{9A19103F-16F7-4668-BE54-9A1E7A4F7556}") = "PasswordManager.Password.Client", "src\Password\PasswordManager.Password.Client\PasswordManager.Password.Client.csproj", "{B2D2F5A3-E59E-4794-9026-D03B3D9F1FC0}"
EndProject
Project("{9A19103F-16F7-4668-BE54-9A1E7A4F7556}") = "Password.Worker.Service", "src\Password\Password.Worker.Service\Password.Worker.Service.csproj", "{7CEF580D-4636-424C-963E-4AEA6DEFEE63}"
EndProject
Project("{9A19103F-16F7-4668-BE54-9A1E7A4F7556}") = "Password.Api.Service", "src\Password\Password.Api.Service\Password.Api.Service.csproj", "{C522F649-B530-4713-87E3-582D63C17F26}"
EndProject
Project("{9A19103F-16F7-4668-BE54-9A1E7A4F7556}") = "Password.TestFixtures", "Tests\Password.TestFixtures\Password.TestFixtures.csproj", "{9D356B6F-95EC-4CFB-BB1A-B7D623423CF4}"
EndProject
Project("{9A19103F-16F7-4668-BE54-9A1E7A4F7556}") = "Password.Tests", "Tests\Password.Tests\Password.Tests.csproj", "{8B457ACC-2746-4AFC-B268-3BD98A9BA2DC}"
EndProject
Project("{2150E333-8FDC-42A3-9474-1A3956D46DE8}") = "Users", "Users", "{D2B4ADA5-9DF2-4BC6-98DE-209646573DCB}"
EndProject
Project("{2150E333-8FDC-42A3-9474-1A3956D46DE8}") = "Core", "Core", "{90753098-9CEE-4CA1-8EAD-2322AA47FFCA}"
EndProject
Project("{2150E333-8FDC-42A3-9474-1A3956D46DE8}") = "Tests", "Tests", "{919D58E5-BAD8-4D69-AEA7-194530764F5E}"
EndProject
Project("{2150E333-8FDC-42A3-9474-1A3956D46DE8}") = "Shared", "Shared", "{35526388-FBD3-4F9E-8023-2484433227B7}"
EndProject
Project("{9A19103F-16F7-4668-BE54-9A1E7A4F7556}") = "Users.TestFixtures", "Tests\Users.TestFixtures\Users.TestFixtures.csproj", "{8E34FBCE-5878-40A3-A6F1-C925A7A9E741}"
EndProject
Project("{9A19103F-16F7-4668-BE54-9A1E7A4F7556}") = "Users.Tests", "Tests\Users.Tests\Users.Tests.csproj", "{A050BCDE-0BB3-4F64-924E-25E9E9D75481}"
EndProject
Project("{9A19103F-16F7-4668-BE54-9A1E7A4F7556}") = "Users.Client", "src\Users\Users.Client\Users.Client.csproj", "{FFAC4E8C-86BF-453A-B670-2D3F32556FA2}"
EndProject
Project("{9A19103F-16F7-4668-BE54-9A1E7A4F7556}") = "Users.ApplicationServices", "src\Users\Users.ApplicationServices\Users.ApplicationServices.csproj", "{B0A9DF64-F661-4C5E-8306-7F95C56EA54F}"
EndProject
Project("{9A19103F-16F7-4668-BE54-9A1E7A4F7556}") = "Users.Domain", "src\Users\Users.Domain\Users.Domain.csproj", "{27A7AD33-D09F-463B-BCD5-AA58C822DC98}"
EndProject
Project("{9A19103F-16F7-4668-BE54-9A1E7A4F7556}") = "Users.Infrastructure", "src\Users\Users.Infrastructure\Users.Infrastructure.csproj", "{18C1B8A4-BB39-4518-8077-3BCB69A70918}"
	ProjectSection(ProjectDependencies) = postProject
		{2AF7970C-B145-4B25-9FB9-CC28FB2E5B47} = {2AF7970C-B145-4B25-9FB9-CC28FB2E5B47}
	EndProjectSection
EndProject
Project("{9A19103F-16F7-4668-BE54-9A1E7A4F7556}") = "Users.Messages", "src\Users\Users.Messages\Users.Messages.csproj", "{C84CB153-433E-4A6A-A7DC-2F9B7C44B43E}"
EndProject
Project("{9A19103F-16F7-4668-BE54-9A1E7A4F7556}") = "Users.Api.Service", "src\Users\Users.Api.Service\Users.Api.Service.csproj", "{254DE008-DD19-44EE-AB7E-6F3D808290C6}"
EndProject
Project("{9A19103F-16F7-4668-BE54-9A1E7A4F7556}") = "Users.Worker.Service", "src\Users\Users.Worker.Service\Users.Worker.Service.csproj", "{2B62FCBA-0CDF-4120-9046-A43DC9975A46}"
EndProject
Project("{2150E333-8FDC-42A3-9474-1A3956D46DE8}") = "PaymentCards", "PaymentCards", "{A1E61A5C-2653-49BC-BC97-5AD8A2426AA0}"
EndProject
Project("{2150E333-8FDC-42A3-9474-1A3956D46DE8}") = "Core", "Core", "{4DBC4D13-0752-4913-B8FC-0833E10525ED}"
EndProject
Project("{2150E333-8FDC-42A3-9474-1A3956D46DE8}") = "Shared", "Shared", "{73D5B7C0-B574-4124-9F78-9B60A7501B0B}"
EndProject
Project("{2150E333-8FDC-42A3-9474-1A3956D46DE8}") = "Tests", "Tests", "{252FF6E7-2E44-4008-A5A7-FC06B3CF8B01}"
EndProject
Project("{9A19103F-16F7-4668-BE54-9A1E7A4F7556}") = "PaymentCards.ApplicationServices", "src\PaymentCards\PaymentCards.ApplicationServices\PaymentCards.ApplicationServices.csproj", "{0431EFAB-F393-4748-9872-19ADA0294C84}"
EndProject
Project("{9A19103F-16F7-4668-BE54-9A1E7A4F7556}") = "PaymentCards.Domain", "src\PaymentCards\PaymentCards.Domain\PaymentCards.Domain.csproj", "{FC8531DD-A5FE-4E67-81AC-6A315293BC63}"
EndProject
Project("{9A19103F-16F7-4668-BE54-9A1E7A4F7556}") = "PaymentCards.Messages", "src\PaymentCards\PaymentCards.Messages\PaymentCards.Messages.csproj", "{09D49B4D-9259-45B1-9C97-6FE279C26213}"
EndProject
Project("{9A19103F-16F7-4668-BE54-9A1E7A4F7556}") = "PaymentCards.Infrastructure", "src\PaymentCards\PaymentCards.Infrastructure\PaymentCards.Infrastructure.csproj", "{793858DE-4075-4D72-82CD-361FB2D6B498}"
EndProject
Project("{9A19103F-16F7-4668-BE54-9A1E7A4F7556}") = "PaymentCards.Client", "src\PaymentCards\PaymentCards.Client\PaymentCards.Client.csproj", "{2F38A016-58E6-43F4-B277-72E7B7AAC71D}"
EndProject
Project("{9A19103F-16F7-4668-BE54-9A1E7A4F7556}") = "PaymentCards.Tests", "Tests\PaymentCards.Tests\PaymentCards.Tests.csproj", "{1ECE7C63-8FAF-4EA3-AFCE-93CBD392CCF2}"
EndProject
Project("{9A19103F-16F7-4668-BE54-9A1E7A4F7556}") = "PaymentCards.TestFixtures", "Tests\PaymentCards.TestFixtures\PaymentCards.TestFixtures.csproj", "{1FAA122D-E720-40E9-B7C2-8DD806C633B1}"
EndProject
Project("{9A19103F-16F7-4668-BE54-9A1E7A4F7556}") = "PaymentCards.Api.Service", "src\PaymentCards\PaymentCards.Api.Service\PaymentCards.Api.Service.csproj", "{0117C684-D30E-46E1-A87F-3E7E0AB2EE45}"
EndProject
Project("{9A19103F-16F7-4668-BE54-9A1E7A4F7556}") = "PaymentCards.Worker.Service", "src\PaymentCards\PaymentCards.Worker.Service\PaymentCards.Worker.Service.csproj", "{1A7C8C1B-20A2-4808-9EA1-333D91605551}"
EndProject
Global
	GlobalSection(SolutionConfigurationPlatforms) = preSolution
		Debug|Any CPU = Debug|Any CPU
		Release|Any CPU = Release|Any CPU
	EndGlobalSection
	GlobalSection(ProjectConfigurationPlatforms) = postSolution
		{AFA58D08-13B4-49B4-A8E1-23DB5E6B3496}.Debug|Any CPU.ActiveCfg = Debug|Any CPU
		{AFA58D08-13B4-49B4-A8E1-23DB5E6B3496}.Debug|Any CPU.Build.0 = Debug|Any CPU
		{AFA58D08-13B4-49B4-A8E1-23DB5E6B3496}.Release|Any CPU.ActiveCfg = Release|Any CPU
		{AFA58D08-13B4-49B4-A8E1-23DB5E6B3496}.Release|Any CPU.Build.0 = Release|Any CPU
		{AC1209EB-CB2B-474F-8AC1-A6B942577A4E}.Debug|Any CPU.ActiveCfg = Debug|Any CPU
		{AC1209EB-CB2B-474F-8AC1-A6B942577A4E}.Debug|Any CPU.Build.0 = Debug|Any CPU
		{AC1209EB-CB2B-474F-8AC1-A6B942577A4E}.Release|Any CPU.ActiveCfg = Release|Any CPU
		{AC1209EB-CB2B-474F-8AC1-A6B942577A4E}.Release|Any CPU.Build.0 = Release|Any CPU
		{2AF7970C-B145-4B25-9FB9-CC28FB2E5B47}.Debug|Any CPU.ActiveCfg = Debug|Any CPU
		{2AF7970C-B145-4B25-9FB9-CC28FB2E5B47}.Debug|Any CPU.Build.0 = Debug|Any CPU
		{2AF7970C-B145-4B25-9FB9-CC28FB2E5B47}.Release|Any CPU.ActiveCfg = Release|Any CPU
		{2AF7970C-B145-4B25-9FB9-CC28FB2E5B47}.Release|Any CPU.Build.0 = Release|Any CPU
		{61E23A37-2B48-463D-B8E8-04F1C96CE93B}.Debug|Any CPU.ActiveCfg = Debug|Any CPU
		{61E23A37-2B48-463D-B8E8-04F1C96CE93B}.Debug|Any CPU.Build.0 = Debug|Any CPU
		{61E23A37-2B48-463D-B8E8-04F1C96CE93B}.Release|Any CPU.ActiveCfg = Release|Any CPU
		{61E23A37-2B48-463D-B8E8-04F1C96CE93B}.Release|Any CPU.Build.0 = Release|Any CPU
		{7CF6D572-14A3-440F-ACD6-31C0C3669DAA}.Debug|Any CPU.ActiveCfg = Debug|Any CPU
		{7CF6D572-14A3-440F-ACD6-31C0C3669DAA}.Debug|Any CPU.Build.0 = Debug|Any CPU
		{7CF6D572-14A3-440F-ACD6-31C0C3669DAA}.Release|Any CPU.ActiveCfg = Release|Any CPU
		{7CF6D572-14A3-440F-ACD6-31C0C3669DAA}.Release|Any CPU.Build.0 = Release|Any CPU
		{D5730599-D83A-42C9-B895-17163E63D1FB}.Debug|Any CPU.ActiveCfg = Debug|Any CPU
		{D5730599-D83A-42C9-B895-17163E63D1FB}.Debug|Any CPU.Build.0 = Debug|Any CPU
		{D5730599-D83A-42C9-B895-17163E63D1FB}.Release|Any CPU.ActiveCfg = Release|Any CPU
		{D5730599-D83A-42C9-B895-17163E63D1FB}.Release|Any CPU.Build.0 = Release|Any CPU
		{520481FF-D2D9-4438-810C-116D3D87262B}.Debug|Any CPU.ActiveCfg = Debug|Any CPU
		{520481FF-D2D9-4438-810C-116D3D87262B}.Debug|Any CPU.Build.0 = Debug|Any CPU
		{520481FF-D2D9-4438-810C-116D3D87262B}.Release|Any CPU.ActiveCfg = Release|Any CPU
		{520481FF-D2D9-4438-810C-116D3D87262B}.Release|Any CPU.Build.0 = Release|Any CPU
		{B2D2F5A3-E59E-4794-9026-D03B3D9F1FC0}.Debug|Any CPU.ActiveCfg = Debug|Any CPU
		{B2D2F5A3-E59E-4794-9026-D03B3D9F1FC0}.Debug|Any CPU.Build.0 = Debug|Any CPU
		{B2D2F5A3-E59E-4794-9026-D03B3D9F1FC0}.Release|Any CPU.ActiveCfg = Release|Any CPU
		{B2D2F5A3-E59E-4794-9026-D03B3D9F1FC0}.Release|Any CPU.Build.0 = Release|Any CPU
		{7CEF580D-4636-424C-963E-4AEA6DEFEE63}.Debug|Any CPU.ActiveCfg = Debug|Any CPU
		{7CEF580D-4636-424C-963E-4AEA6DEFEE63}.Debug|Any CPU.Build.0 = Debug|Any CPU
		{7CEF580D-4636-424C-963E-4AEA6DEFEE63}.Release|Any CPU.ActiveCfg = Release|Any CPU
		{7CEF580D-4636-424C-963E-4AEA6DEFEE63}.Release|Any CPU.Build.0 = Release|Any CPU
		{C522F649-B530-4713-87E3-582D63C17F26}.Debug|Any CPU.ActiveCfg = Debug|Any CPU
		{C522F649-B530-4713-87E3-582D63C17F26}.Debug|Any CPU.Build.0 = Debug|Any CPU
		{C522F649-B530-4713-87E3-582D63C17F26}.Release|Any CPU.ActiveCfg = Release|Any CPU
		{C522F649-B530-4713-87E3-582D63C17F26}.Release|Any CPU.Build.0 = Release|Any CPU
		{9D356B6F-95EC-4CFB-BB1A-B7D623423CF4}.Debug|Any CPU.ActiveCfg = Debug|Any CPU
		{9D356B6F-95EC-4CFB-BB1A-B7D623423CF4}.Debug|Any CPU.Build.0 = Debug|Any CPU
		{9D356B6F-95EC-4CFB-BB1A-B7D623423CF4}.Release|Any CPU.ActiveCfg = Release|Any CPU
		{9D356B6F-95EC-4CFB-BB1A-B7D623423CF4}.Release|Any CPU.Build.0 = Release|Any CPU
		{8B457ACC-2746-4AFC-B268-3BD98A9BA2DC}.Debug|Any CPU.ActiveCfg = Debug|Any CPU
		{8B457ACC-2746-4AFC-B268-3BD98A9BA2DC}.Debug|Any CPU.Build.0 = Debug|Any CPU
		{8B457ACC-2746-4AFC-B268-3BD98A9BA2DC}.Release|Any CPU.ActiveCfg = Release|Any CPU
		{8B457ACC-2746-4AFC-B268-3BD98A9BA2DC}.Release|Any CPU.Build.0 = Release|Any CPU
		{8E34FBCE-5878-40A3-A6F1-C925A7A9E741}.Debug|Any CPU.ActiveCfg = Debug|Any CPU
		{8E34FBCE-5878-40A3-A6F1-C925A7A9E741}.Debug|Any CPU.Build.0 = Debug|Any CPU
		{8E34FBCE-5878-40A3-A6F1-C925A7A9E741}.Release|Any CPU.ActiveCfg = Release|Any CPU
		{8E34FBCE-5878-40A3-A6F1-C925A7A9E741}.Release|Any CPU.Build.0 = Release|Any CPU
		{A050BCDE-0BB3-4F64-924E-25E9E9D75481}.Debug|Any CPU.ActiveCfg = Debug|Any CPU
		{A050BCDE-0BB3-4F64-924E-25E9E9D75481}.Debug|Any CPU.Build.0 = Debug|Any CPU
		{A050BCDE-0BB3-4F64-924E-25E9E9D75481}.Release|Any CPU.ActiveCfg = Release|Any CPU
		{A050BCDE-0BB3-4F64-924E-25E9E9D75481}.Release|Any CPU.Build.0 = Release|Any CPU
		{FFAC4E8C-86BF-453A-B670-2D3F32556FA2}.Debug|Any CPU.ActiveCfg = Debug|Any CPU
		{FFAC4E8C-86BF-453A-B670-2D3F32556FA2}.Debug|Any CPU.Build.0 = Debug|Any CPU
		{FFAC4E8C-86BF-453A-B670-2D3F32556FA2}.Release|Any CPU.ActiveCfg = Release|Any CPU
		{FFAC4E8C-86BF-453A-B670-2D3F32556FA2}.Release|Any CPU.Build.0 = Release|Any CPU
		{B0A9DF64-F661-4C5E-8306-7F95C56EA54F}.Debug|Any CPU.ActiveCfg = Debug|Any CPU
		{B0A9DF64-F661-4C5E-8306-7F95C56EA54F}.Debug|Any CPU.Build.0 = Debug|Any CPU
		{B0A9DF64-F661-4C5E-8306-7F95C56EA54F}.Release|Any CPU.ActiveCfg = Release|Any CPU
		{B0A9DF64-F661-4C5E-8306-7F95C56EA54F}.Release|Any CPU.Build.0 = Release|Any CPU
		{27A7AD33-D09F-463B-BCD5-AA58C822DC98}.Debug|Any CPU.ActiveCfg = Debug|Any CPU
		{27A7AD33-D09F-463B-BCD5-AA58C822DC98}.Debug|Any CPU.Build.0 = Debug|Any CPU
		{27A7AD33-D09F-463B-BCD5-AA58C822DC98}.Release|Any CPU.ActiveCfg = Release|Any CPU
		{27A7AD33-D09F-463B-BCD5-AA58C822DC98}.Release|Any CPU.Build.0 = Release|Any CPU
		{18C1B8A4-BB39-4518-8077-3BCB69A70918}.Debug|Any CPU.ActiveCfg = Debug|Any CPU
		{18C1B8A4-BB39-4518-8077-3BCB69A70918}.Debug|Any CPU.Build.0 = Debug|Any CPU
		{18C1B8A4-BB39-4518-8077-3BCB69A70918}.Release|Any CPU.ActiveCfg = Release|Any CPU
		{18C1B8A4-BB39-4518-8077-3BCB69A70918}.Release|Any CPU.Build.0 = Release|Any CPU
		{C84CB153-433E-4A6A-A7DC-2F9B7C44B43E}.Debug|Any CPU.ActiveCfg = Debug|Any CPU
		{C84CB153-433E-4A6A-A7DC-2F9B7C44B43E}.Debug|Any CPU.Build.0 = Debug|Any CPU
		{C84CB153-433E-4A6A-A7DC-2F9B7C44B43E}.Release|Any CPU.ActiveCfg = Release|Any CPU
		{C84CB153-433E-4A6A-A7DC-2F9B7C44B43E}.Release|Any CPU.Build.0 = Release|Any CPU
		{254DE008-DD19-44EE-AB7E-6F3D808290C6}.Debug|Any CPU.ActiveCfg = Debug|Any CPU
		{254DE008-DD19-44EE-AB7E-6F3D808290C6}.Debug|Any CPU.Build.0 = Debug|Any CPU
		{254DE008-DD19-44EE-AB7E-6F3D808290C6}.Release|Any CPU.ActiveCfg = Release|Any CPU
		{254DE008-DD19-44EE-AB7E-6F3D808290C6}.Release|Any CPU.Build.0 = Release|Any CPU
		{2B62FCBA-0CDF-4120-9046-A43DC9975A46}.Debug|Any CPU.ActiveCfg = Debug|Any CPU
		{2B62FCBA-0CDF-4120-9046-A43DC9975A46}.Debug|Any CPU.Build.0 = Debug|Any CPU
		{2B62FCBA-0CDF-4120-9046-A43DC9975A46}.Release|Any CPU.ActiveCfg = Release|Any CPU
		{2B62FCBA-0CDF-4120-9046-A43DC9975A46}.Release|Any CPU.Build.0 = Release|Any CPU
		{0431EFAB-F393-4748-9872-19ADA0294C84}.Debug|Any CPU.ActiveCfg = Debug|Any CPU
		{0431EFAB-F393-4748-9872-19ADA0294C84}.Debug|Any CPU.Build.0 = Debug|Any CPU
		{0431EFAB-F393-4748-9872-19ADA0294C84}.Release|Any CPU.ActiveCfg = Release|Any CPU
		{0431EFAB-F393-4748-9872-19ADA0294C84}.Release|Any CPU.Build.0 = Release|Any CPU
		{FC8531DD-A5FE-4E67-81AC-6A315293BC63}.Debug|Any CPU.ActiveCfg = Debug|Any CPU
		{FC8531DD-A5FE-4E67-81AC-6A315293BC63}.Debug|Any CPU.Build.0 = Debug|Any CPU
		{FC8531DD-A5FE-4E67-81AC-6A315293BC63}.Release|Any CPU.ActiveCfg = Release|Any CPU
		{FC8531DD-A5FE-4E67-81AC-6A315293BC63}.Release|Any CPU.Build.0 = Release|Any CPU
		{09D49B4D-9259-45B1-9C97-6FE279C26213}.Debug|Any CPU.ActiveCfg = Debug|Any CPU
		{09D49B4D-9259-45B1-9C97-6FE279C26213}.Debug|Any CPU.Build.0 = Debug|Any CPU
		{09D49B4D-9259-45B1-9C97-6FE279C26213}.Release|Any CPU.ActiveCfg = Release|Any CPU
		{09D49B4D-9259-45B1-9C97-6FE279C26213}.Release|Any CPU.Build.0 = Release|Any CPU
		{793858DE-4075-4D72-82CD-361FB2D6B498}.Debug|Any CPU.ActiveCfg = Debug|Any CPU
		{793858DE-4075-4D72-82CD-361FB2D6B498}.Debug|Any CPU.Build.0 = Debug|Any CPU
		{793858DE-4075-4D72-82CD-361FB2D6B498}.Release|Any CPU.ActiveCfg = Release|Any CPU
		{793858DE-4075-4D72-82CD-361FB2D6B498}.Release|Any CPU.Build.0 = Release|Any CPU
		{2F38A016-58E6-43F4-B277-72E7B7AAC71D}.Debug|Any CPU.ActiveCfg = Debug|Any CPU
		{2F38A016-58E6-43F4-B277-72E7B7AAC71D}.Debug|Any CPU.Build.0 = Debug|Any CPU
		{2F38A016-58E6-43F4-B277-72E7B7AAC71D}.Release|Any CPU.ActiveCfg = Release|Any CPU
		{2F38A016-58E6-43F4-B277-72E7B7AAC71D}.Release|Any CPU.Build.0 = Release|Any CPU
		{1ECE7C63-8FAF-4EA3-AFCE-93CBD392CCF2}.Debug|Any CPU.ActiveCfg = Debug|Any CPU
		{1ECE7C63-8FAF-4EA3-AFCE-93CBD392CCF2}.Debug|Any CPU.Build.0 = Debug|Any CPU
		{1ECE7C63-8FAF-4EA3-AFCE-93CBD392CCF2}.Release|Any CPU.ActiveCfg = Release|Any CPU
		{1ECE7C63-8FAF-4EA3-AFCE-93CBD392CCF2}.Release|Any CPU.Build.0 = Release|Any CPU
		{1FAA122D-E720-40E9-B7C2-8DD806C633B1}.Debug|Any CPU.ActiveCfg = Debug|Any CPU
		{1FAA122D-E720-40E9-B7C2-8DD806C633B1}.Debug|Any CPU.Build.0 = Debug|Any CPU
		{1FAA122D-E720-40E9-B7C2-8DD806C633B1}.Release|Any CPU.ActiveCfg = Release|Any CPU
		{1FAA122D-E720-40E9-B7C2-8DD806C633B1}.Release|Any CPU.Build.0 = Release|Any CPU
		{0117C684-D30E-46E1-A87F-3E7E0AB2EE45}.Debug|Any CPU.ActiveCfg = Debug|Any CPU
		{0117C684-D30E-46E1-A87F-3E7E0AB2EE45}.Debug|Any CPU.Build.0 = Debug|Any CPU
		{0117C684-D30E-46E1-A87F-3E7E0AB2EE45}.Release|Any CPU.ActiveCfg = Release|Any CPU
		{0117C684-D30E-46E1-A87F-3E7E0AB2EE45}.Release|Any CPU.Build.0 = Release|Any CPU
		{1A7C8C1B-20A2-4808-9EA1-333D91605551}.Debug|Any CPU.ActiveCfg = Debug|Any CPU
		{1A7C8C1B-20A2-4808-9EA1-333D91605551}.Debug|Any CPU.Build.0 = Debug|Any CPU
		{1A7C8C1B-20A2-4808-9EA1-333D91605551}.Release|Any CPU.ActiveCfg = Release|Any CPU
		{1A7C8C1B-20A2-4808-9EA1-333D91605551}.Release|Any CPU.Build.0 = Release|Any CPU
	EndGlobalSection
	GlobalSection(SolutionProperties) = preSolution
		HideSolutionNode = FALSE
	EndGlobalSection
	GlobalSection(NestedProjects) = preSolution
		{5C317061-5BDE-41A6-B669-635D5B8F2A76} = {F0CC5365-DAC2-4256-8B8A-6CBBFD7508A4}
		{AFA58D08-13B4-49B4-A8E1-23DB5E6B3496} = {5C317061-5BDE-41A6-B669-635D5B8F2A76}
		{AC1209EB-CB2B-474F-8AC1-A6B942577A4E} = {F0CC5365-DAC2-4256-8B8A-6CBBFD7508A4}
		{DB6EB76B-3A56-46AB-82B4-77EA90FEDA36} = {F0CC5365-DAC2-4256-8B8A-6CBBFD7508A4}
		{2AF7970C-B145-4B25-9FB9-CC28FB2E5B47} = {DB6EB76B-3A56-46AB-82B4-77EA90FEDA36}
		{F6B40ED4-F1AF-4921-8831-AA7F655615B9} = {6A532B42-AF2A-41AE-8E8D-09A00331ACB2}
		{F9C14C96-A23D-46C4-BF15-D69C28EE0B9C} = {6A532B42-AF2A-41AE-8E8D-09A00331ACB2}
		{B887AA72-109D-4F92-B8CF-CD10311544C2} = {6A532B42-AF2A-41AE-8E8D-09A00331ACB2}
		{61E23A37-2B48-463D-B8E8-04F1C96CE93B} = {F6B40ED4-F1AF-4921-8831-AA7F655615B9}
		{7CF6D572-14A3-440F-ACD6-31C0C3669DAA} = {F6B40ED4-F1AF-4921-8831-AA7F655615B9}
		{D5730599-D83A-42C9-B895-17163E63D1FB} = {F6B40ED4-F1AF-4921-8831-AA7F655615B9}
		{520481FF-D2D9-4438-810C-116D3D87262B} = {F6B40ED4-F1AF-4921-8831-AA7F655615B9}
		{B2D2F5A3-E59E-4794-9026-D03B3D9F1FC0} = {F9C14C96-A23D-46C4-BF15-D69C28EE0B9C}
		{7CEF580D-4636-424C-963E-4AEA6DEFEE63} = {6A532B42-AF2A-41AE-8E8D-09A00331ACB2}
		{C522F649-B530-4713-87E3-582D63C17F26} = {6A532B42-AF2A-41AE-8E8D-09A00331ACB2}
		{9D356B6F-95EC-4CFB-BB1A-B7D623423CF4} = {B887AA72-109D-4F92-B8CF-CD10311544C2}
		{8B457ACC-2746-4AFC-B268-3BD98A9BA2DC} = {B887AA72-109D-4F92-B8CF-CD10311544C2}
		{90753098-9CEE-4CA1-8EAD-2322AA47FFCA} = {D2B4ADA5-9DF2-4BC6-98DE-209646573DCB}
		{919D58E5-BAD8-4D69-AEA7-194530764F5E} = {D2B4ADA5-9DF2-4BC6-98DE-209646573DCB}
		{35526388-FBD3-4F9E-8023-2484433227B7} = {D2B4ADA5-9DF2-4BC6-98DE-209646573DCB}
		{8E34FBCE-5878-40A3-A6F1-C925A7A9E741} = {919D58E5-BAD8-4D69-AEA7-194530764F5E}
		{A050BCDE-0BB3-4F64-924E-25E9E9D75481} = {919D58E5-BAD8-4D69-AEA7-194530764F5E}
		{FFAC4E8C-86BF-453A-B670-2D3F32556FA2} = {35526388-FBD3-4F9E-8023-2484433227B7}
		{B0A9DF64-F661-4C5E-8306-7F95C56EA54F} = {90753098-9CEE-4CA1-8EAD-2322AA47FFCA}
		{27A7AD33-D09F-463B-BCD5-AA58C822DC98} = {90753098-9CEE-4CA1-8EAD-2322AA47FFCA}
		{18C1B8A4-BB39-4518-8077-3BCB69A70918} = {90753098-9CEE-4CA1-8EAD-2322AA47FFCA}
		{C84CB153-433E-4A6A-A7DC-2F9B7C44B43E} = {90753098-9CEE-4CA1-8EAD-2322AA47FFCA}
		{254DE008-DD19-44EE-AB7E-6F3D808290C6} = {D2B4ADA5-9DF2-4BC6-98DE-209646573DCB}
		{2B62FCBA-0CDF-4120-9046-A43DC9975A46} = {D2B4ADA5-9DF2-4BC6-98DE-209646573DCB}
		{4DBC4D13-0752-4913-B8FC-0833E10525ED} = {A1E61A5C-2653-49BC-BC97-5AD8A2426AA0}
		{73D5B7C0-B574-4124-9F78-9B60A7501B0B} = {A1E61A5C-2653-49BC-BC97-5AD8A2426AA0}
		{252FF6E7-2E44-4008-A5A7-FC06B3CF8B01} = {A1E61A5C-2653-49BC-BC97-5AD8A2426AA0}
		{0431EFAB-F393-4748-9872-19ADA0294C84} = {4DBC4D13-0752-4913-B8FC-0833E10525ED}
		{FC8531DD-A5FE-4E67-81AC-6A315293BC63} = {4DBC4D13-0752-4913-B8FC-0833E10525ED}
		{09D49B4D-9259-45B1-9C97-6FE279C26213} = {4DBC4D13-0752-4913-B8FC-0833E10525ED}
		{793858DE-4075-4D72-82CD-361FB2D6B498} = {4DBC4D13-0752-4913-B8FC-0833E10525ED}
		{2F38A016-58E6-43F4-B277-72E7B7AAC71D} = {73D5B7C0-B574-4124-9F78-9B60A7501B0B}
		{1ECE7C63-8FAF-4EA3-AFCE-93CBD392CCF2} = {252FF6E7-2E44-4008-A5A7-FC06B3CF8B01}
		{1FAA122D-E720-40E9-B7C2-8DD806C633B1} = {252FF6E7-2E44-4008-A5A7-FC06B3CF8B01}
		{0117C684-D30E-46E1-A87F-3E7E0AB2EE45} = {A1E61A5C-2653-49BC-BC97-5AD8A2426AA0}
		{1A7C8C1B-20A2-4808-9EA1-333D91605551} = {A1E61A5C-2653-49BC-BC97-5AD8A2426AA0}
	EndGlobalSection
	GlobalSection(ExtensibilityGlobals) = postSolution
		SolutionGuid = {439D0C2F-B8C7-451A-BCF2-1AA61C49610B}
	EndGlobalSection
EndGlobal
